
Microsoft Visual Studio Solution File, Format Version 12.00
# Visual Studio 2012
Project("{8BC9CEB8-8B4A-11D0-8D11-00A0C91BC942}") = "svo_convert", "svo_convert\svo_convert.vcxproj", "{5E5DE3B0-2CAC-47CE-8E27-D75D4537C4A4}"
EndProject
Global
	GlobalSection(SolutionConfigurationPlatforms) = preSolution
		Debug|x64 = Debug|x64
		Release|x64 = Release|x64
	EndGlobalSection
	GlobalSection(ProjectConfigurationPlatforms) = postSolution
		{5E5DE3B0-2CAC-47CE-8E27-D75D4537C4A4}.Debug|x64.ActiveCfg = Debug|x64
		{5E5DE3B0-2CAC-47CE-8E27-D75D4537C4A4}.Debug|x64.Build.0 = Debug|x64
		{5E5DE3B0-2CAC-47CE-8E27-D75D4537C4A4}.Release|x64.ActiveCfg = Release|x64
		{5E5DE3B0-2CAC-47CE-8E27-D75D4537C4A4}.Release|x64.Build.0 = Release|x64
	EndGlobalSection
	GlobalSection(SolutionProperties) = preSolution
		HideSolutionNode = FALSE
	EndGlobalSection
EndGlobal
